
Microsoft Visual Studio Solution File, Format Version 12.00
# Visual Studio Version 17
VisualStudioVersion = 17.3.32714.290
MinimumVisualStudioVersion = 10.0.40219.1
Project("{9A19103F-16F7-4668-BE54-9A1E7A4F7556}") = "PortfolioWebsite.Client", "BlazorApp\PortfolioWebsite.Client.csproj", "{F16964B8-8C60-483C-9FEE-2828C430692F}"
EndProject
Global
	GlobalSection(SolutionConfigurationPlatforms) = preSolution
		Debug|Any CPU = Debug|Any CPU
		Release|Any CPU = Release|Any CPU
	EndGlobalSection
	GlobalSection(ProjectConfigurationPlatforms) = postSolution
		{F16964B8-8C60-483C-9FEE-2828C430692F}.Debug|Any CPU.ActiveCfg = Debug|Any CPU
		{F16964B8-8C60-483C-9FEE-2828C430692F}.Debug|Any CPU.Build.0 = Debug|Any CPU
		{F16964B8-8C60-483C-9FEE-2828C430692F}.Release|Any CPU.ActiveCfg = Release|Any CPU
		{F16964B8-8C60-483C-9FEE-2828C430692F}.Release|Any CPU.Build.0 = Release|Any CPU
	EndGlobalSection
	GlobalSection(SolutionProperties) = preSolution
		HideSolutionNode = FALSE
	EndGlobalSection
	GlobalSection(ExtensibilityGlobals) = postSolution
		SolutionGuid = {A0E6B999-2EE9-4054-A546-371C5FD4B119}
	EndGlobalSection
EndGlobal
